PODS:
  - AparajitaCapacitorBiometricAuth (7.2.0):
    - Capacitor
  - Capacitor (6.0.0):
    - CapacitorCordova
  - CapacitorApp (6.0.0):
    - Capacitor
  - CapacitorCamera (6.0.0):
    - Capacitor
  - CapacitorClipboard (6.0.0):
    - Capacitor
  - CapacitorCordova (6.0.0)
  - CapacitorDevice (6.0.0):
    - Capacitor
  - CapacitorFilesystem (6.0.0):
    - Capacitor
  - CapacitorHaptics (6.0.0):
    - Capacitor
  - CapacitorKeyboard (6.0.0):
    - Capacitor
  - CapacitorMlkitBarcodeScanning (5.4.0):
    - Capacitor
    - GoogleMLKit/BarcodeScanning (= 4.0.0)
  - CapacitorNativeSettings (6.0.0):
    - Capacitor
  - CapacitorPreferences (6.0.0):
    - Capacitor
  - CapacitorStatusBar (6.0.0):
    - Capacitor
  - GoogleDataTransport (9.3.0):
    - GoogleUtilities/Environment (~> 7.7)
    - nanopb (< 2.30910.0, >= 2.30908.0)
    - PromisesObjC (< 3.0, >= 1.2)
  - GoogleMLKit/BarcodeScanning (4.0.0):
    - GoogleMLKit/MLKitCore
    - MLKitBarcodeScanning (~> 3.0.0)
  - GoogleMLKit/MLKitCore (4.0.0):
    - MLKitCommon (~> 9.0.0)
  - GoogleToolboxForMac/DebugUtils (2.3.2):
    - GoogleToolboxForMac/Defines (= 2.3.2)
  - GoogleToolboxForMac/Defines (2.3.2)
  - GoogleToolboxForMac/Logger (2.3.2):
    - GoogleToolboxForMac/Defines (= 2.3.2)
  - "GoogleToolboxForMac/NSData+zlib (2.3.2)":
    - GoogleToolboxForMac/Defines (= 2.3.2)
  - "GoogleToolboxForMac/NSDictionary+URLArguments (2.3.2)":
    - GoogleToolboxForMac/DebugUtils (= 2.3.2)
    - GoogleToolboxForMac/Defines (= 2.3.2)
    - "GoogleToolboxForMac/NSString+URLArguments (= 2.3.2)"
  - "GoogleToolboxForMac/NSString+URLArguments (2.3.2)"
  - GoogleUtilities/Environment (7.12.0):
    - PromisesObjC (< 3.0, >= 1.2)
  - GoogleUtilities/Logger (7.12.0):
    - GoogleUtilities/Environment
  - GoogleUtilities/UserDefaults (7.12.0):
    - GoogleUtilities/Logger
  - GoogleUtilitiesComponents (1.1.0):
    - GoogleUtilities/Logger
  - GTMSessionFetcher/Core (2.3.0)
  - MLImage (1.0.0-beta4)
  - MLKitBarcodeScanning (3.0.0):
    - MLKitCommon (~> 9.0)
    - MLKitVision (~> 5.0)
  - MLKitCommon (9.0.0):
    - GoogleDataTransport (~> 9.0)
    - GoogleToolboxForMac/Logger (~> 2.1)
    - "GoogleToolboxForMac/NSData+zlib (~> 2.1)"
    - "GoogleToolboxForMac/NSDictionary+URLArguments (~> 2.1)"
    - GoogleUtilities/UserDefaults (~> 7.0)
    - GoogleUtilitiesComponents (~> 1.0)
    - GTMSessionFetcher/Core (< 3.0, >= 1.1)
  - MLKitVision (5.0.0):
    - GoogleToolboxForMac/Logger (~> 2.1)
    - "GoogleToolboxForMac/NSData+zlib (~> 2.1)"
    - GTMSessionFetcher/Core (< 3.0, >= 1.1)
    - MLImage (= 1.0.0-beta4)
    - MLKitCommon (~> 9.0)
  - nanopb (2.30909.1):
    - nanopb/decode (= 2.30909.1)
    - nanopb/encode (= 2.30909.1)
  - nanopb/decode (2.30909.1)
  - nanopb/encode (2.30909.1)
  - PromisesObjC (2.3.1)

DEPENDENCIES:
  - "AparajitaCapacitorBiometricAuth (from `../../node_modules/.pnpm/@aparajita+capacitor-biometric-auth@7.2.0/node_modules/@aparajita/capacitor-biometric-auth`)"
  - "Capacitor (from `../../node_modules/.pnpm/@capacitor+ios@6.0.0_@capacitor+core@6.0.0/node_modules/@capacitor/ios`)"
  - "CapacitorApp (from `../../node_modules/.pnpm/@capacitor+app@6.0.0_@capacitor+core@6.0.0/node_modules/@capacitor/app`)"
  - "CapacitorCamera (from `../../node_modules/.pnpm/@capacitor+camera@6.0.0_@capacitor+core@6.0.0/node_modules/@capacitor/camera`)"
  - "CapacitorClipboard (from `../../node_modules/.pnpm/@capacitor+clipboard@6.0.0_@capacitor+core@6.0.0/node_modules/@capacitor/clipboard`)"
  - "CapacitorCordova (from `../../node_modules/.pnpm/@capacitor+ios@6.0.0_@capacitor+core@6.0.0/node_modules/@capacitor/ios`)"
  - "CapacitorDevice (from `../../node_modules/.pnpm/@capacitor+device@6.0.0_@capacitor+core@6.0.0/node_modules/@capacitor/device`)"
  - "CapacitorFilesystem (from `../../node_modules/.pnpm/@capacitor+filesystem@6.0.0_@capacitor+core@6.0.0/node_modules/@capacitor/filesystem`)"
  - "CapacitorHaptics (from `../../node_modules/.pnpm/@capacitor+haptics@6.0.0_@capacitor+core@6.0.0/node_modules/@capacitor/haptics`)"
  - "CapacitorKeyboard (from `../../node_modules/.pnpm/@capacitor+keyboard@6.0.0_@capacitor+core@6.0.0/node_modules/@capacitor/keyboard`)"
  - "CapacitorMlkitBarcodeScanning (from `../../node_modules/.pnpm/@capacitor-mlkit+barcode-scanning@5.4.0_@capacitor+core@6.0.0/node_modules/@capacitor-mlkit/barcode-scanning`)"
  - "CapacitorNativeSettings (from `../../node_modules/.pnpm/capacitor-native-settings@6.0.0_@capacitor+core@6.0.0/node_modules/capacitor-native-settings`)"
  - "CapacitorPreferences (from `../../node_modules/.pnpm/@capacitor+preferences@6.0.0_@capacitor+core@6.0.0/node_modules/@capacitor/preferences`)"
  - "CapacitorStatusBar (from `../../node_modules/.pnpm/@capacitor+status-bar@6.0.0_@capacitor+core@6.0.0/node_modules/@capacitor/status-bar`)"

SPEC REPOS:
  trunk:
    - GoogleDataTransport
    - GoogleMLKit
    - GoogleToolboxForMac
    - GoogleUtilities
    - GoogleUtilitiesComponents
    - GTMSessionFetcher
    - MLImage
    - MLKitBarcodeScanning
    - MLKitCommon
    - MLKitVision
    - nanopb
    - PromisesObjC

EXTERNAL SOURCES:
  AparajitaCapacitorBiometricAuth:
    :path: "../../node_modules/.pnpm/@aparajita+capacitor-biometric-auth@7.2.0/node_modules/@aparajita/capacitor-biometric-auth"
  Capacitor:
    :path: "../../node_modules/.pnpm/@capacitor+ios@6.0.0_@capacitor+core@6.0.0/node_modules/@capacitor/ios"
  CapacitorApp:
    :path: "../../node_modules/.pnpm/@capacitor+app@6.0.0_@capacitor+core@6.0.0/node_modules/@capacitor/app"
  CapacitorCamera:
    :path: "../../node_modules/.pnpm/@capacitor+camera@6.0.0_@capacitor+core@6.0.0/node_modules/@capacitor/camera"
  CapacitorClipboard:
    :path: "../../node_modules/.pnpm/@capacitor+clipboard@6.0.0_@capacitor+core@6.0.0/node_modules/@capacitor/clipboard"
  CapacitorCordova:
    :path: "../../node_modules/.pnpm/@capacitor+ios@6.0.0_@capacitor+core@6.0.0/node_modules/@capacitor/ios"
  CapacitorDevice:
    :path: "../../node_modules/.pnpm/@capacitor+device@6.0.0_@capacitor+core@6.0.0/node_modules/@capacitor/device"
  CapacitorFilesystem:
    :path: "../../node_modules/.pnpm/@capacitor+filesystem@6.0.0_@capacitor+core@6.0.0/node_modules/@capacitor/filesystem"
  CapacitorHaptics:
    :path: "../../node_modules/.pnpm/@capacitor+haptics@6.0.0_@capacitor+core@6.0.0/node_modules/@capacitor/haptics"
  CapacitorKeyboard:
    :path: "../../node_modules/.pnpm/@capacitor+keyboard@6.0.0_@capacitor+core@6.0.0/node_modules/@capacitor/keyboard"
  CapacitorMlkitBarcodeScanning:
    :path: "../../node_modules/.pnpm/@capacitor-mlkit+barcode-scanning@5.4.0_@capacitor+core@6.0.0/node_modules/@capacitor-mlkit/barcode-scanning"
  CapacitorNativeSettings:
    :path: "../../node_modules/.pnpm/capacitor-native-settings@6.0.0_@capacitor+core@6.0.0/node_modules/capacitor-native-settings"
  CapacitorPreferences:
    :path: "../../node_modules/.pnpm/@capacitor+preferences@6.0.0_@capacitor+core@6.0.0/node_modules/@capacitor/preferences"
  CapacitorStatusBar:
    :path: "../../node_modules/.pnpm/@capacitor+status-bar@6.0.0_@capacitor+core@6.0.0/node_modules/@capacitor/status-bar"

SPEC CHECKSUMS:
  AparajitaCapacitorBiometricAuth: 38edeb4249e0c85ba6103431d39777d868f7846c
  Capacitor: 559d073c4ca6c27f8e7002c807eea94c3ba435a9
  CapacitorApp: 9d53aec7101f7b030a950c5bdc4df8612576b279
  CapacitorCamera: b61f125d92a0ef75d7becb7956fed7dd13187ee0
  CapacitorClipboard: 80282f684154124b9019ebf401235b70b0cf4994
  CapacitorCordova: 8c4bfdf69368512e85b1d8b724dd7546abeb30af
  CapacitorDevice: f8fd88f9edd1261c55a109f32015b09bbbfdc4a0
  CapacitorFilesystem: 60e59ba274c234a979e7a3be2552feaadcee4263
  CapacitorHaptics: 9ebc9363f0e9b8eb4295088a0b474530acf1859b
  CapacitorKeyboard: deacbd09d8d1029c3681197fb05d206b721d5f73
  CapacitorMlkitBarcodeScanning: 8fb81cbef3c6ffe0c0e2dbd15ed6dca889a5a062
  CapacitorNativeSettings: ab24b68c6e6e7391c6ade889d2a83aaceed0fc36
  CapacitorPreferences: c9b839a80baa72e4ed4bdb117618e1950d3046b5
  CapacitorStatusBar: 2e4369f99166125435641b1908d05f561eaba6f6
  GoogleDataTransport: 57c22343ab29bc686febbf7cbb13bad167c2d8fe
  GoogleMLKit: 2bd0dc6253c4d4f227aad460f69215a504b2980e
  GoogleToolboxForMac: 8bef7c7c5cf7291c687cf5354f39f9db6399ad34
  GoogleUtilities: 0759d1a57ebb953965c2dfe0ba4c82e95ccc2e34
  GoogleUtilitiesComponents: 679b2c881db3b615a2777504623df6122dd20afe
  GTMSessionFetcher: 3a63d75eecd6aa32c2fc79f578064e1214dfdec2
  MLImage: 7bb7c4264164ade9bf64f679b40fb29c8f33ee9b
  MLKitBarcodeScanning: 04e264482c5f3810cb89ebc134ef6b61e67db505
  MLKitCommon: c1b791c3e667091918d91bda4bba69a91011e390
  MLKitVision: 8baa5f46ee3352614169b85250574fde38c36f49
  nanopb: d4d75c12cd1316f4a64e3c6963f879ecd4b5e0d5
  PromisesObjC: c50d2056b5253dadbd6c2bea79b0674bd5a52fa4

PODFILE CHECKSUM: c3b46c35fd2cd51ffc5b66ca39fb30c067c0f551

COCOAPODS: 1.13.0
